
Microsoft Visual Studio Solution File, Format Version 12.00
# Visual Studio Version 17
VisualStudioVersion = 17.5.33516.290
MinimumVisualStudioVersion = 10.0.40219.1
Project("{9A19103F-16F7-4668-BE54-9A1E7A4F7556}") = "QuickHash", "QuickHash\QuickHash.csproj", "{D730E555-F24F-4DC9-AA8C-76DB256CBC69}"
EndProject
Project("{54435603-DBB4-11D2-8724-00A0C9A8B90C}") = "QuickHashInstaller", "QuickHashInstaller\QuickHashInstaller.vdproj", "{541C314E-6BF0-4883-87BE-756B71AA5262}"
EndProject
Global
	GlobalSection(SolutionConfigurationPlatforms) = preSolution
		Debug|Any CPU = Debug|Any CPU
		Release|Any CPU = Release|Any CPU
	EndGlobalSection
	GlobalSection(ProjectConfigurationPlatforms) = postSolution
		{D730E555-F24F-4DC9-AA8C-76DB256CBC69}.Debug|Any CPU.ActiveCfg = Debug|Any CPU
		{D730E555-F24F-4DC9-AA8C-76DB256CBC69}.Debug|Any CPU.Build.0 = Debug|Any CPU
		{D730E555-F24F-4DC9-AA8C-76DB256CBC69}.Release|Any CPU.ActiveCfg = Release|Any CPU
		{D730E555-F24F-4DC9-AA8C-76DB256CBC69}.Release|Any CPU.Build.0 = Release|Any CPU
		{541C314E-6BF0-4883-87BE-756B71AA5262}.Debug|Any CPU.ActiveCfg = Debug
		{541C314E-6BF0-4883-87BE-756B71AA5262}.Release|Any CPU.ActiveCfg = Release
	EndGlobalSection
	GlobalSection(SolutionProperties) = preSolution
		HideSolutionNode = FALSE
	EndGlobalSection
	GlobalSection(ExtensibilityGlobals) = postSolution
		SolutionGuid = {2BF741A0-09E4-475E-BBC8-7A74F62FAB92}
	EndGlobalSection
EndGlobal
